
Microsoft Visual Studio Solution File, Format Version 12.00
# Visual Studio Version 17
VisualStudioVersion = 17.5.33424.131
MinimumVisualStudioVersion = 10.0.40219.1
Project("{9A19103F-16F7-4668-BE54-9A1E7A4F7556}") = "PhotoLib.UserMicroService.API", "PhotoLib.UserMicroService.API\PhotoLib.UserMicroService.API.csproj", "{6EAB1712-30CE-415B-BAC6-1415A03BF48C}"
	ProjectSection(ProjectDependencies) = postProject
		{22AE81EC-AF39-40BE-9DB2-7D56A8F3FF89} = {22AE81EC-AF39-40BE-9DB2-7D56A8F3FF89}
	EndProjectSection
EndProject
Project("{9A19103F-16F7-4668-BE54-9A1E7A4F7556}") = "PhotoLib.AlbumMicroService.API", "PhotoLib.AlbumMicroService.API\PhotoLib.AlbumMicroService.API.csproj", "{3806688D-8391-4A01-AF64-8E4967DF21C6}"
	ProjectSection(ProjectDependencies) = postProject
		{22AE81EC-AF39-40BE-9DB2-7D56A8F3FF89} = {22AE81EC-AF39-40BE-9DB2-7D56A8F3FF89}
	EndProjectSection
EndProject
Project("{9A19103F-16F7-4668-BE54-9A1E7A4F7556}") = "PhotoLib.PhotoMicroService.API", "PhotoLib.PhotoMicroService.API\PhotoLib.PhotoMicroService.API.csproj", "{6D9666C3-D0EC-405F-92E0-FD8EDEAC1365}"
	ProjectSection(ProjectDependencies) = postProject
		{22AE81EC-AF39-40BE-9DB2-7D56A8F3FF89} = {22AE81EC-AF39-40BE-9DB2-7D56A8F3FF89}
	EndProjectSection
EndProject
Project("{9A19103F-16F7-4668-BE54-9A1E7A4F7556}") = "PhotoLib.SystemCore.Libraries", "PhotoLib.SystemCore.Libraries\PhotoLib.SystemCore.Libraries.csproj", "{22AE81EC-AF39-40BE-9DB2-7D56A8F3FF89}"
EndProject
Project("{9A19103F-16F7-4668-BE54-9A1E7A4F7556}") = "PhotoLib.AuthMicroService.API", "PhotoLib.AuthMicroService.API\PhotoLib.AuthMicroService.API.csproj", "{01263638-5078-401C-B8A9-447867366DA2}"
	ProjectSection(ProjectDependencies) = postProject
		{22AE81EC-AF39-40BE-9DB2-7D56A8F3FF89} = {22AE81EC-AF39-40BE-9DB2-7D56A8F3FF89}
	EndProjectSection
EndProject
Project("{FAE04EC0-301F-11D3-BF4B-00C04F79EFBC}") = "PhotoLib.SystemCore.Libraries.Tests", "PhotoLib.SystemCore.Libraries.Tests\PhotoLib.SystemCore.Libraries.Tests.csproj", "{F528AD60-FB39-43EA-9BC3-22B5BB14BA25}"
	ProjectSection(ProjectDependencies) = postProject
		{22AE81EC-AF39-40BE-9DB2-7D56A8F3FF89} = {22AE81EC-AF39-40BE-9DB2-7D56A8F3FF89}
	EndProjectSection
EndProject
Global
	GlobalSection(SolutionConfigurationPlatforms) = preSolution
		Debug|Any CPU = Debug|Any CPU
		Release|Any CPU = Release|Any CPU
	EndGlobalSection
	GlobalSection(ProjectConfigurationPlatforms) = postSolution
		{6EAB1712-30CE-415B-BAC6-1415A03BF48C}.Debug|Any CPU.ActiveCfg = Debug|Any CPU
		{6EAB1712-30CE-415B-BAC6-1415A03BF48C}.Debug|Any CPU.Build.0 = Debug|Any CPU
		{6EAB1712-30CE-415B-BAC6-1415A03BF48C}.Release|Any CPU.ActiveCfg = Release|Any CPU
		{6EAB1712-30CE-415B-BAC6-1415A03BF48C}.Release|Any CPU.Build.0 = Release|Any CPU
		{3806688D-8391-4A01-AF64-8E4967DF21C6}.Debug|Any CPU.ActiveCfg = Debug|Any CPU
		{3806688D-8391-4A01-AF64-8E4967DF21C6}.Debug|Any CPU.Build.0 = Debug|Any CPU
		{3806688D-8391-4A01-AF64-8E4967DF21C6}.Release|Any CPU.ActiveCfg = Release|Any CPU
		{3806688D-8391-4A01-AF64-8E4967DF21C6}.Release|Any CPU.Build.0 = Release|Any CPU
		{6D9666C3-D0EC-405F-92E0-FD8EDEAC1365}.Debug|Any CPU.ActiveCfg = Debug|Any CPU
		{6D9666C3-D0EC-405F-92E0-FD8EDEAC1365}.Debug|Any CPU.Build.0 = Debug|Any CPU
		{6D9666C3-D0EC-405F-92E0-FD8EDEAC1365}.Release|Any CPU.ActiveCfg = Release|Any CPU
		{6D9666C3-D0EC-405F-92E0-FD8EDEAC1365}.Release|Any CPU.Build.0 = Release|Any CPU
		{22AE81EC-AF39-40BE-9DB2-7D56A8F3FF89}.Debug|Any CPU.ActiveCfg = Debug|Any CPU
		{22AE81EC-AF39-40BE-9DB2-7D56A8F3FF89}.Debug|Any CPU.Build.0 = Debug|Any CPU
		{22AE81EC-AF39-40BE-9DB2-7D56A8F3FF89}.Release|Any CPU.ActiveCfg = Release|Any CPU
		{22AE81EC-AF39-40BE-9DB2-7D56A8F3FF89}.Release|Any CPU.Build.0 = Release|Any CPU
		{01263638-5078-401C-B8A9-447867366DA2}.Debug|Any CPU.ActiveCfg = Debug|Any CPU
		{01263638-5078-401C-B8A9-447867366DA2}.Debug|Any CPU.Build.0 = Debug|Any CPU
		{01263638-5078-401C-B8A9-447867366DA2}.Release|Any CPU.ActiveCfg = Release|Any CPU
		{01263638-5078-401C-B8A9-447867366DA2}.Release|Any CPU.Build.0 = Release|Any CPU
		{F528AD60-FB39-43EA-9BC3-22B5BB14BA25}.Debug|Any CPU.ActiveCfg = Debug|Any CPU
		{F528AD60-FB39-43EA-9BC3-22B5BB14BA25}.Debug|Any CPU.Build.0 = Debug|Any CPU
		{F528AD60-FB39-43EA-9BC3-22B5BB14BA25}.Release|Any CPU.ActiveCfg = Release|Any CPU
		{F528AD60-FB39-43EA-9BC3-22B5BB14BA25}.Release|Any CPU.Build.0 = Release|Any CPU
	EndGlobalSection
	GlobalSection(SolutionProperties) = preSolution
		HideSolutionNode = FALSE
	EndGlobalSection
	GlobalSection(ExtensibilityGlobals) = postSolution
		SolutionGuid = {EFEB8214-DAB5-44EB-A1F7-33D02FA79240}
	EndGlobalSection
EndGlobal
